<?xml version="1.0" encoding="utf-8"?>
<Project ToolsVersion="4.0" xmlns="http://schemas.microsoft.com/developer/msbuild/2003">
  <ItemGroup>
    <Filter Include="main">
      <UniqueIdentifier>{1f42b1ab-c822-4e5d-8a2a-c6ce45c390cf}</UniqueIdentifier>
    </Filter>
    <Filter Include="func">
      <UniqueIdentifier>{80fc03dc-3326-4d30-8630-3feba97cec85}</UniqueIdentifier>
    </Filter>
  </ItemGroup>
  <ItemGroup>
    <ClInclude Include="func\func.h">
      <Filter>func</Filter>
    </ClInclude>
  </ItemGroup>
  <ItemGroup>
    <ClCompile Include="main\main.cpp">
      <Filter>main</Filter>
    </ClCompile>
  </ItemGroup>
</Project>